
Microsoft Visual Studio Solution File, Format Version 12.00
# Visual Studio Version 17
VisualStudioVersion = 17.6.33712.159
MinimumVisualStudioVersion = 10.0.40219.1
Project("{FAE04EC0-301F-11D3-BF4B-00C04F79EFBC}") = "Regex", "Regex.csproj", "{193B62CA-DE0F-4A13-9534-2D9F165D28F5}"
EndProject
Global
	GlobalSection(SolutionConfigurationPlatforms) = preSolution
		Debug|Any CPU = Debug|Any CPU
		Release|Any CPU = Release|Any CPU
	EndGlobalSection
	GlobalSection(ProjectConfigurationPlatforms) = postSolution
		{193B62CA-DE0F-4A13-9534-2D9F165D28F5}.Debug|Any CPU.ActiveCfg = Debug|Any CPU
		{193B62CA-DE0F-4A13-9534-2D9F165D28F5}.Debug|Any CPU.Build.0 = Debug|Any CPU
		{193B62CA-DE0F-4A13-9534-2D9F165D28F5}.Release|Any CPU.ActiveCfg = Release|Any CPU
		{193B62CA-DE0F-4A13-9534-2D9F165D28F5}.Release|Any CPU.Build.0 = Release|Any CPU
	EndGlobalSection
	GlobalSection(SolutionProperties) = preSolution
		HideSolutionNode = FALSE
	EndGlobalSection
	GlobalSection(ExtensibilityGlobals) = postSolution
		SolutionGuid = {729A4D24-AD3A-40CE-A9E4-60D6E0BB7587}
	EndGlobalSection
EndGlobal
